
Microsoft Visual Studio Solution File, Format Version 12.00
# Visual Studio Version 17
VisualStudioVersion = 17.11.35431.28
MinimumVisualStudioVersion = 10.0.40219.1
Project("{FAE04EC0-301F-11D3-BF4B-00C04F79EFBC}") = "AQAppExamen", "AQAppExamen.csproj", "{027C85B8-F80A-4ED2-A890-6E23D7538ABF}"
EndProject
Global
	GlobalSection(SolutionConfigurationPlatforms) = preSolution
		Debug|Any CPU = Debug|Any CPU
		Release|Any CPU = Release|Any CPU
	EndGlobalSection
	GlobalSection(ProjectConfigurationPlatforms) = postSolution
		{027C85B8-F80A-4ED2-A890-6E23D7538ABF}.Debug|Any CPU.ActiveCfg = Debug|Any CPU
		{027C85B8-F80A-4ED2-A890-6E23D7538ABF}.Debug|Any CPU.Build.0 = Debug|Any CPU
		{027C85B8-F80A-4ED2-A890-6E23D7538ABF}.Debug|Any CPU.Deploy.0 = Debug|Any CPU
		{027C85B8-F80A-4ED2-A890-6E23D7538ABF}.Release|Any CPU.ActiveCfg = Release|Any CPU
		{027C85B8-F80A-4ED2-A890-6E23D7538ABF}.Release|Any CPU.Build.0 = Release|Any CPU
		{027C85B8-F80A-4ED2-A890-6E23D7538ABF}.Release|Any CPU.Deploy.0 = Release|Any CPU
	EndGlobalSection
	GlobalSection(SolutionProperties) = preSolution
		HideSolutionNode = FALSE
	EndGlobalSection
	GlobalSection(ExtensibilityGlobals) = postSolution
		SolutionGuid = {A1642382-4568-42B9-AE82-4475359BA05A}
	EndGlobalSection
EndGlobal
